
Microsoft Visual Studio Solution File, Format Version 12.00
# Visual Studio 16
VisualStudioVersion = 16.0.25123.0
MinimumVisualStudioVersion = 10.0.40219.1
Project("{9A19103F-16F7-4668-BE54-9A1E7A4F7556}") = "Composer", "Composer.csproj", "{F2E50210-FCD9-420C-B7F6-93FA6C3AA634}"
EndProject
Global
	GlobalSection(SolutionConfigurationPlatforms) = preSolution
		Debug|Any CPU = Debug|Any CPU
		Debug|x64 = Debug|x64
		Release|Any CPU = Release|Any CPU
		Release|x64 = Release|x64
	EndGlobalSection
	GlobalSection(ProjectConfigurationPlatforms) = postSolution
		{F2E50210-FCD9-420C-B7F6-93FA6C3AA634}.Debug|Any CPU.ActiveCfg = Debug|x64
		{F2E50210-FCD9-420C-B7F6-93FA6C3AA634}.Debug|Any CPU.Build.0 = Debug|x64
		{F2E50210-FCD9-420C-B7F6-93FA6C3AA634}.Debug|x64.ActiveCfg = Debug|x64
		{F2E50210-FCD9-420C-B7F6-93FA6C3AA634}.Debug|x64.Build.0 = Debug|x64
		{F2E50210-FCD9-420C-B7F6-93FA6C3AA634}.Release|Any CPU.ActiveCfg = Release|x64
		{F2E50210-FCD9-420C-B7F6-93FA6C3AA634}.Release|Any CPU.Build.0 = Release|x64
		{F2E50210-FCD9-420C-B7F6-93FA6C3AA634}.Release|x64.ActiveCfg = Release|x64
		{F2E50210-FCD9-420C-B7F6-93FA6C3AA634}.Release|x64.Build.0 = Release|x64
	EndGlobalSection
	GlobalSection(SolutionProperties) = preSolution
		HideSolutionNode = FALSE
	EndGlobalSection
	GlobalSection(ExtensibilityGlobals) = postSolution
		SolutionGuid = {897F37AF-1AB7-410B-96EB-3B44D145B2AF}
	EndGlobalSection
EndGlobal
